// !$*UTF8*$!
{
	archiveVersion = 1;
	classes = {
	};
	objectVersion = 46;
	objects = {

/* Begin PBXBuildFile section */
		110873ED1E836A310067C225 /* AppDelegate.swift in Sources */ = {isa = PBXBuildFile; fileRef = 110873EC1E836A310067C225 /* AppDelegate.swift */; };
		110873F41E836A310067C225 /* Assets.xcassets in Resources */ = {isa = PBXBuildFile; fileRef = 110873F31E836A310067C225 /* Assets.xcassets */; };
		110873F71E836A310067C225 /* LaunchScreen.storyboard in Resources */ = {isa = PBXBuildFile; fileRef = 110873F51E836A310067C225 /* LaunchScreen.storyboard */; };
		110874021E836A310067C225 /* dreamup_appTests.swift in Sources */ = {isa = PBXBuildFile; fileRef = 110874011E836A310067C225 /* dreamup_appTests.swift */; };
		1108740D1E836A310067C225 /* dreamup_appUITests.swift in Sources */ = {isa = PBXBuildFile; fileRef = 1108740C1E836A310067C225 /* dreamup_appUITests.swift */; };
		11224D6B1E90740D00F6894B /* RecipientBarView.swift in Sources */ = {isa = PBXBuildFile; fileRef = 11224D6A1E90740D00F6894B /* RecipientBarView.swift */; };
		11224D6F1E91851100F6894B /* ColorPalette.swift in Sources */ = {isa = PBXBuildFile; fileRef = 11224D6E1E91851100F6894B /* ColorPalette.swift */; };
		112D7EAD1EC4B6BF00EEE3ED /* ResetPasswordViewController.swift in Sources */ = {isa = PBXBuildFile; fileRef = 112D7EAC1EC4B6BF00EEE3ED /* ResetPasswordViewController.swift */; };
		112D7EAF1EC4B6F300EEE3ED /* SignUpViewController.swift in Sources */ = {isa = PBXBuildFile; fileRef = 112D7EAE1EC4B6F300EEE3ED /* SignUpViewController.swift */; };
		112D7EB51EC4EBAE00EEE3ED /* CompleteSignupViewController.swift in Sources */ = {isa = PBXBuildFile; fileRef = 112D7EB41EC4EBAE00EEE3ED /* CompleteSignupViewController.swift */; };
		112D7EB71EC4ED5F00EEE3ED /* FBSDKLoginKit.framework in Frameworks */ = {isa = PBXBuildFile; fileRef = 112D7EB61EC4ED5F00EEE3ED /* FBSDKLoginKit.framework */; };
		114A15081EBE614400520EDF /* VoiceMemo.swift in Sources */ = {isa = PBXBuildFile; fileRef = 114A15071EBE614400520EDF /* VoiceMemo.swift */; };
		11601C271EAD374700D9FB43 /* HomeTabBarController.swift in Sources */ = {isa = PBXBuildFile; fileRef = 11601C261EAD374700D9FB43 /* HomeTabBarController.swift */; };
		11823AA51EABDE560060DE68 /* AlarmController.swift in Sources */ = {isa = PBXBuildFile; fileRef = 11823AA31EABDE560060DE68 /* AlarmController.swift */; };
		11823AA61EABDE560060DE68 /* AlarmInProgress.swift in Sources */ = {isa = PBXBuildFile; fileRef = 11823AA41EABDE560060DE68 /* AlarmInProgress.swift */; };
		11823AA81EABDE880060DE68 /* stations.json in Resources */ = {isa = PBXBuildFile; fileRef = 11823AA71EABDE880060DE68 /* stations.json */; };
		11823AAC1EABDEA30060DE68 /* Settings.swift in Sources */ = {isa = PBXBuildFile; fileRef = 11823AAA1EABDEA30060DE68 /* Settings.swift */; };
		11823AB01EABDEC70060DE68 /* LoginViewController.swift in Sources */ = {isa = PBXBuildFile; fileRef = 11823AAF1EABDEC70060DE68 /* LoginViewController.swift */; };
		11823AB51EABDEF90060DE68 /* NothingFoundCell.xib in Resources */ = {isa = PBXBuildFile; fileRef = 11823AB11EABDEF90060DE68 /* NothingFoundCell.xib */; };
		11823AB61EABDEF90060DE68 /* PlayQueueCell.swift in Sources */ = {isa = PBXBuildFile; fileRef = 11823AB21EABDEF90060DE68 /* PlayQueueCell.swift */; };
		11823AB71EABDEF90060DE68 /* RadioTableViewCell.swift in Sources */ = {isa = PBXBuildFile; fileRef = 11823AB31EABDEF90060DE68 /* RadioTableViewCell.swift */; };
		11823AB81EABDEF90060DE68 /* PodcastTableViewCell.swift in Sources */ = {isa = PBXBuildFile; fileRef = 11823AB41EABDEF90060DE68 /* PodcastTableViewCell.swift */; };
		11823ABB1EABDF220060DE68 /* AlarmSelectionTableView.swift in Sources */ = {isa = PBXBuildFile; fileRef = 11823ABA1EABDF220060DE68 /* AlarmSelectionTableView.swift */; };
		11823AC21EABDF3E0060DE68 /* RadioStation.swift in Sources */ = {isa = PBXBuildFile; fileRef = 11823ABC1EABDF3E0060DE68 /* RadioStation.swift */; };
		11823AC31EABDF3E0060DE68 /* Podcast.swift in Sources */ = {isa = PBXBuildFile; fileRef = 11823ABD1EABDF3E0060DE68 /* Podcast.swift */; };
		11823AC41EABDF3E0060DE68 /* SwiftyJSON.swift in Sources */ = {isa = PBXBuildFile; fileRef = 11823ABE1EABDF3E0060DE68 /* SwiftyJSON.swift */; };
		11823AC51EABDF3E0060DE68 /* DataManager.swift in Sources */ = {isa = PBXBuildFile; fileRef = 11823ABF1EABDF3E0060DE68 /* DataManager.swift */; };
		11823AC61EABDF3E0060DE68 /* UserDefaultsManager.swift in Sources */ = {isa = PBXBuildFile; fileRef = 11823AC01EABDF3E0060DE68 /* UserDefaultsManager.swift */; };
		11823AC71EABDF3E0060DE68 /* FirebaseManager.swift in Sources */ = {isa = PBXBuildFile; fileRef = 11823AC11EABDF3E0060DE68 /* FirebaseManager.swift */; };
		11823ACC1EABE20E0060DE68 /* PlayQueueTVC.swift in Sources */ = {isa = PBXBuildFile; fileRef = 11823ACB1EABE20E0060DE68 /* PlayQueueTVC.swift */; };
		11823ACE1EABE21B0060DE68 /* RadioPickerViewController.swift in Sources */ = {isa = PBXBuildFile; fileRef = 11823ACD1EABE21B0060DE68 /* RadioPickerViewController.swift */; };
		11823AD11EABE22A0060DE68 /* PodcastConfirmStep.swift in Sources */ = {isa = PBXBuildFile; fileRef = 11823ACF1EABE22A0060DE68 /* PodcastConfirmStep.swift */; };
		11823AD21EABE22A0060DE68 /* PodcastTableViewController.swift in Sources */ = {isa = PBXBuildFile; fileRef = 11823AD01EABE22A0060DE68 /* PodcastTableViewController.swift */; };
		11823AD41EABE2600060DE68 /* RadioStationSettingsViewController.swift in Sources */ = {isa = PBXBuildFile; fileRef = 11823AD31EABE2600060DE68 /* RadioStationSettingsViewController.swift */; };
		118F5F991E881AB900E36F90 /* AudioRecorderVC.swift in Sources */ = {isa = PBXBuildFile; fileRef = 118F5F981E881AB900E36F90 /* AudioRecorderVC.swift */; };
		118F5FA11E884E0200E36F90 /* SendAudioTableViewController.swift in Sources */ = {isa = PBXBuildFile; fileRef = 118F5FA01E884E0200E36F90 /* SendAudioTableViewController.swift */; };
		118F5FA31E88511C00E36F90 /* GoogleService-Info.plist in Resources */ = {isa = PBXBuildFile; fileRef = 118F5FA21E88511C00E36F90 /* GoogleService-Info.plist */; };
		118F5FA51E88538C00E36F90 /* AudioToolbox.framework in Frameworks */ = {isa = PBXBuildFile; fileRef = 118F5FA41E88538C00E36F90 /* AudioToolbox.framework */; };
		118F5FA81E8856BE00E36F90 /* ExternalAccessory.framework in Frameworks */ = {isa = PBXBuildFile; fileRef = 118F5FA71E8856BE00E36F90 /* ExternalAccessory.framework */; };
		1193F4FF1EC12F90002D6C7E /* RecorderView.swift in Sources */ = {isa = PBXBuildFile; fileRef = 1193F4FE1EC12F90002D6C7E /* RecorderView.swift */; };
		119B5B171E8987710020A567 /* FriendCell.swift in Sources */ = {isa = PBXBuildFile; fileRef = 119B5B161E8987710020A567 /* FriendCell.swift */; };
		119B5B191E8987C00020A567 /* SelectedIndicator.swift in Sources */ = {isa = PBXBuildFile; fileRef = 119B5B181E8987C00020A567 /* SelectedIndicator.swift */; };
		11A7E6ED1EBE977E006E87DA /* MainViewController.swift in Sources */ = {isa = PBXBuildFile; fileRef = 11A7E6EC1EBE977E006E87DA /* MainViewController.swift */; };
		11B2EBDE1EB16BCB006A81B8 /* SettingsTableViewController.swift in Sources */ = {isa = PBXBuildFile; fileRef = 11B2EBDD1EB16BCB006A81B8 /* SettingsTableViewController.swift */; };
		11B640ED1E89555600971DF0 /* Main.storyboard in Resources */ = {isa = PBXBuildFile; fileRef = 11B640EC1E89555600971DF0 /* Main.storyboard */; };
		11B640EF1E897F9C00971DF0 /* User.swift in Sources */ = {isa = PBXBuildFile; fileRef = 11B640EE1E897F9C00971DF0 /* User.swift */; };
		11D064EC1EA3B5FD00F3F6E7 /* VoiceMemoCell.swift in Sources */ = {isa = PBXBuildFile; fileRef = 11D064EB1EA3B5FD00F3F6E7 /* VoiceMemoCell.swift */; };
		11E5E69E1EC6331100376C60 /* FindFriendsTableViewController.swift in Sources */ = {isa = PBXBuildFile; fileRef = 11E5E69D1EC6331100376C60 /* FindFriendsTableViewController.swift */; };
		392D741B9E27E35B0A6C69C4 /* Pods_dreamup_appTests.framework in Frameworks */ = {isa = PBXBuildFile; fileRef = F1C8F6A13933D0527C6A9D89 /* Pods_dreamup_appTests.framework */; };
		680F2E042070A024DCE5AF25 /* Pods_dreamup_appUITests.framework in Frameworks */ = {isa = PBXBuildFile; fileRef = 9D3A17D21D4D982EC8BA4ACE /* Pods_dreamup_appUITests.framework */; };
		C5CAA5D666591335EE466BB6 /* Pods_dreamup_app.framework in Frameworks */ = {isa = PBXBuildFile; fileRef = C87F990453838CD948451443 /* Pods_dreamup_app.framework */; };
/* End PBXBuildFile section */

/* Begin PBXContainerItemProxy section */
		110873FE1E836A310067C225 /* PBXContainerItemProxy */ = {
			isa = PBXContainerItemProxy;
			containerPortal = 110873E11E836A310067C225 /* Project object */;
			proxyType = 1;
			remoteGlobalIDString = 110873E81E836A310067C225;
			remoteInfo = "dreamup-app";
		};
		110874091E836A310067C225 /* PBXContainerItemProxy */ = {
			isa = PBXContainerItemProxy;
			containerPortal = 110873E11E836A310067C225 /* Project object */;
			proxyType = 1;
			remoteGlobalIDString = 110873E81E836A310067C225;
			remoteInfo = "dreamup-app";
		};
/* End PBXContainerItemProxy section */

/* Begin PBXFileReference section */
		110873E91E836A310067C225 /* dreamup-app.app */ = {isa = PBXFileReference; explicitFileType = wrapper.application; includeInIndex = 0; path = "dreamup-app.app"; sourceTree = BUILT_PRODUCTS_DIR; };
		110873EC1E836A310067C225 /* AppDelegate.swift */ = {isa = PBXFileReference; lastKnownFileType = sourcecode.swift; name = AppDelegate.swift; path = "dreamup-app/AppDelegate.swift"; sourceTree = "<group>"; };
		110873F31E836A310067C225 /* Assets.xcassets */ = {isa = PBXFileReference; lastKnownFileType = folder.assetcatalog; name = Assets.xcassets; path = "dreamup-app/Assets.xcassets"; sourceTree = "<group>"; };
		110873F61E836A310067C225 /* Base */ = {isa = PBXFileReference; lastKnownFileType = file.storyboard; name = Base; path = Base.lproj/LaunchScreen.storyboard; sourceTree = "<group>"; };
		110873F81E836A310067C225 /* Info.plist */ = {isa = PBXFileReference; lastKnownFileType = text.plist.xml; name = Info.plist; path = "dreamup-app/Info.plist"; sourceTree = "<group>"; };
		110873FD1E836A310067C225 /* dreamup-appTests.xctest */ = {isa = PBXFileReference; explicitFileType = wrapper.cfbundle; includeInIndex = 0; path = "dreamup-appTests.xctest"; sourceTree = BUILT_PRODUCTS_DIR; };
		110874011E836A310067C225 /* dreamup_appTests.swift */ = {isa = PBXFileReference; lastKnownFileType = sourcecode.swift; path = dreamup_appTests.swift; sourceTree = "<group>"; };
		110874031E836A310067C225 /* Info.plist */ = {isa = PBXFileReference; lastKnownFileType = text.plist.xml; path = Info.plist; sourceTree = "<group>"; };
		110874081E836A310067C225 /* dreamup-appUITests.xctest */ = {isa = PBXFileReference; explicitFileType = wrapper.cfbundle; includeInIndex = 0; path = "dreamup-appUITests.xctest"; sourceTree = BUILT_PRODUCTS_DIR; };
		1108740C1E836A310067C225 /* dreamup_appUITests.swift */ = {isa = PBXFileReference; lastKnownFileType = sourcecode.swift; path = dreamup_appUITests.swift; sourceTree = "<group>"; };
		1108740E1E836A310067C225 /* Info.plist */ = {isa = PBXFileReference; lastKnownFileType = text.plist.xml; path = Info.plist; sourceTree = "<group>"; };
		11224D6A1E90740D00F6894B /* RecipientBarView.swift */ = {isa = PBXFileReference; fileEncoding = 4; lastKnownFileType = sourcecode.swift; path = RecipientBarView.swift; sourceTree = "<group>"; };
		11224D6E1E91851100F6894B /* ColorPalette.swift */ = {isa = PBXFileReference; fileEncoding = 4; lastKnownFileType = sourcecode.swift; name = ColorPalette.swift; path = "dreamup-app/ColorPalette.swift"; sourceTree = "<group>"; };
		112D7EAC1EC4B6BF00EEE3ED /* ResetPasswordViewController.swift */ = {isa = PBXFileReference; fileEncoding = 4; lastKnownFileType = sourcecode.swift; path = ResetPasswordViewController.swift; sourceTree = "<group>"; };
		112D7EAE1EC4B6F300EEE3ED /* SignUpViewController.swift */ = {isa = PBXFileReference; fileEncoding = 4; lastKnownFileType = sourcecode.swift; path = SignUpViewController.swift; sourceTree = "<group>"; };
		112D7EB41EC4EBAE00EEE3ED /* CompleteSignupViewController.swift */ = {isa = PBXFileReference; fileEncoding = 4; lastKnownFileType = sourcecode.swift; path = CompleteSignupViewController.swift; sourceTree = "<group>"; };
		112D7EB61EC4ED5F00EEE3ED /* FBSDKLoginKit.framework */ = {isa = PBXFileReference; lastKnownFileType = wrapper.framework; path = FBSDKLoginKit.framework; sourceTree = "<group>"; };
		114A15071EBE614400520EDF /* VoiceMemo.swift */ = {isa = PBXFileReference; fileEncoding = 4; lastKnownFileType = sourcecode.swift; path = VoiceMemo.swift; sourceTree = "<group>"; };
		11601C261EAD374700D9FB43 /* HomeTabBarController.swift */ = {isa = PBXFileReference; fileEncoding = 4; lastKnownFileType = sourcecode.swift; path = HomeTabBarController.swift; sourceTree = "<group>"; };
		11823AA31EABDE560060DE68 /* AlarmController.swift */ = {isa = PBXFileReference; fileEncoding = 4; lastKnownFileType = sourcecode.swift; path = AlarmController.swift; sourceTree = "<group>"; };
		11823AA41EABDE560060DE68 /* AlarmInProgress.swift */ = {isa = PBXFileReference; fileEncoding = 4; lastKnownFileType = sourcecode.swift; path = AlarmInProgress.swift; sourceTree = "<group>"; };
		11823AA71EABDE880060DE68 /* stations.json */ = {isa = PBXFileReference; fileEncoding = 4; lastKnownFileType = text.json; path = stations.json; sourceTree = "<group>"; };
		11823AAA1EABDEA30060DE68 /* Settings.swift */ = {isa = PBXFileReference; fileEncoding = 4; lastKnownFileType = sourcecode.swift; path = Settings.swift; sourceTree = "<group>"; };
		11823AAF1EABDEC70060DE68 /* LoginViewController.swift */ = {isa = PBXFileReference; fileEncoding = 4; lastKnownFileType = sourcecode.swift; path = LoginViewController.swift; sourceTree = "<group>"; };
		11823AB11EABDEF90060DE68 /* NothingFoundCell.xib */ = {isa = PBXFileReference; fileEncoding = 4; lastKnownFileType = file.xib; path = NothingFoundCell.xib; sourceTree = "<group>"; };
		11823AB21EABDEF90060DE68 /* PlayQueueCell.swift */ = {isa = PBXFileReference; fileEncoding = 4; lastKnownFileType = sourcecode.swift; path = PlayQueueCell.swift; sourceTree = "<group>"; };
		11823AB31EABDEF90060DE68 /* RadioTableViewCell.swift */ = {isa = PBXFileReference; fileEncoding = 4; lastKnownFileType = sourcecode.swift; path = RadioTableViewCell.swift; sourceTree = "<group>"; };
		11823AB41EABDEF90060DE68 /* PodcastTableViewCell.swift */ = {isa = PBXFileReference; fileEncoding = 4; lastKnownFileType = sourcecode.swift; path = PodcastTableViewCell.swift; sourceTree = "<group>"; };
		11823ABA1EABDF220060DE68 /* AlarmSelectionTableView.swift */ = {isa = PBXFileReference; fileEncoding = 4; lastKnownFileType = sourcecode.swift; path = AlarmSelectionTableView.swift; sourceTree = "<group>"; };
		11823ABC1EABDF3E0060DE68 /* RadioStation.swift */ = {isa = PBXFileReference; fileEncoding = 4; lastKnownFileType = sourcecode.swift; path = RadioStation.swift; sourceTree = "<group>"; };
		11823ABD1EABDF3E0060DE68 /* Podcast.swift */ = {isa = PBXFileReference; fileEncoding = 4; lastKnownFileType = sourcecode.swift; path = Podcast.swift; sourceTree = "<group>"; };
		11823ABE1EABDF3E0060DE68 /* SwiftyJSON.swift */ = {isa = PBXFileReference; fileEncoding = 4; lastKnownFileType = sourcecode.swift; path = SwiftyJSON.swift; sourceTree = "<group>"; };
		11823ABF1EABDF3E0060DE68 /* DataManager.swift */ = {isa = PBXFileReference; fileEncoding = 4; lastKnownFileType = sourcecode.swift; path = DataManager.swift; sourceTree = "<group>"; };
		11823AC01EABDF3E0060DE68 /* UserDefaultsManager.swift */ = {isa = PBXFileReference; fileEncoding = 4; lastKnownFileType = sourcecode.swift; path = UserDefaultsManager.swift; sourceTree = "<group>"; };
		11823AC11EABDF3E0060DE68 /* FirebaseManager.swift */ = {isa = PBXFileReference; fileEncoding = 4; lastKnownFileType = sourcecode.swift; path = FirebaseManager.swift; sourceTree = "<group>"; };
		11823ACB1EABE20E0060DE68 /* PlayQueueTVC.swift */ = {isa = PBXFileReference; fileEncoding = 4; lastKnownFileType = sourcecode.swift; path = PlayQueueTVC.swift; sourceTree = "<group>"; };
		11823ACD1EABE21B0060DE68 /* RadioPickerViewController.swift */ = {isa = PBXFileReference; fileEncoding = 4; lastKnownFileType = sourcecode.swift; path = RadioPickerViewController.swift; sourceTree = "<group>"; };
		11823ACF1EABE22A0060DE68 /* PodcastConfirmStep.swift */ = {isa = PBXFileReference; fileEncoding = 4; lastKnownFileType = sourcecode.swift; path = PodcastConfirmStep.swift; sourceTree = "<group>"; };
		11823AD01EABE22A0060DE68 /* PodcastTableViewController.swift */ = {isa = PBXFileReference; fileEncoding = 4; lastKnownFileType = sourcecode.swift; path = PodcastTableViewController.swift; sourceTree = "<group>"; };
		11823AD31EABE2600060DE68 /* RadioStationSettingsViewController.swift */ = {isa = PBXFileReference; fileEncoding = 4; lastKnownFileType = sourcecode.swift; path = RadioStationSettingsViewController.swift; sourceTree = "<group>"; };
		118F5F981E881AB900E36F90 /* AudioRecorderVC.swift */ = {isa = PBXFileReference; fileEncoding = 4; lastKnownFileType = sourcecode.swift; path = AudioRecorderVC.swift; sourceTree = "<group>"; };
		118F5FA01E884E0200E36F90 /* SendAudioTableViewController.swift */ = {isa = PBXFileReference; fileEncoding = 4; lastKnownFileType = sourcecode.swift; path = SendAudioTableViewController.swift; sourceTree = "<group>"; };
		118F5FA21E88511C00E36F90 /* GoogleService-Info.plist */ = {isa = PBXFileReference; fileEncoding = 4; lastKnownFileType = text.plist.xml; name = "GoogleService-Info.plist"; path = "dreamup-app/GoogleService-Info.plist"; sourceTree = "<group>"; };
		118F5FA41E88538C00E36F90 /* AudioToolbox.framework */ = {isa = PBXFileReference; lastKnownFileType = wrapper.framework; name = AudioToolbox.framework; path = System/Library/Frameworks/AudioToolbox.framework; sourceTree = SDKROOT; };
		118F5FA61E88538C00E36F90 /* dreamup-app.entitlements */ = {isa = PBXFileReference; lastKnownFileType = text.plist.entitlements; name = "dreamup-app.entitlements"; path = "dreamup-app/dreamup-app.entitlements"; sourceTree = "<group>"; };
		118F5FA71E8856BE00E36F90 /* ExternalAccessory.framework */ = {isa = PBXFileReference; lastKnownFileType = wrapper.framework; name = ExternalAccessory.framework; path = System/Library/Frameworks/ExternalAccessory.framework; sourceTree = SDKROOT; };
		1193F4FE1EC12F90002D6C7E /* RecorderView.swift */ = {isa = PBXFileReference; fileEncoding = 4; lastKnownFileType = sourcecode.swift; path = RecorderView.swift; sourceTree = "<group>"; };
		119B5B161E8987710020A567 /* FriendCell.swift */ = {isa = PBXFileReference; fileEncoding = 4; lastKnownFileType = sourcecode.swift; name = FriendCell.swift; path = "dreamup-app/FriendCell.swift"; sourceTree = "<group>"; };
		119B5B181E8987C00020A567 /* SelectedIndicator.swift */ = {isa = PBXFileReference; fileEncoding = 4; lastKnownFileType = sourcecode.swift; path = SelectedIndicator.swift; sourceTree = "<group>"; };
		11A7E6EC1EBE977E006E87DA /* MainViewController.swift */ = {isa = PBXFileReference; fileEncoding = 4; lastKnownFileType = sourcecode.swift; path = MainViewController.swift; sourceTree = "<group>"; };
		11B2EBDD1EB16BCB006A81B8 /* SettingsTableViewController.swift */ = {isa = PBXFileReference; fileEncoding = 4; lastKnownFileType = sourcecode.swift; path = SettingsTableViewController.swift; sourceTree = "<group>"; };
		11B640EC1E89555600971DF0 /* Main.storyboard */ = {isa = PBXFileReference; fileEncoding = 4; lastKnownFileType = file.storyboard; path = Main.storyboard; sourceTree = "<group>"; };
		11B640EE1E897F9C00971DF0 /* User.swift */ = {isa = PBXFileReference; fileEncoding = 4; lastKnownFileType = sourcecode.swift; path = User.swift; sourceTree = "<group>"; };
		11D064EB1EA3B5FD00F3F6E7 /* VoiceMemoCell.swift */ = {isa = PBXFileReference; fileEncoding = 4; lastKnownFileType = sourcecode.swift; name = VoiceMemoCell.swift; path = "dreamup-app/VoiceMemoCell.swift"; sourceTree = "<group>"; };
		11E5E69D1EC6331100376C60 /* FindFriendsTableViewController.swift */ = {isa = PBXFileReference; fileEncoding = 4; lastKnownFileType = sourcecode.swift; path = FindFriendsTableViewController.swift; sourceTree = "<group>"; };
		34870BFC215893E711FCDBA3 /* Pods-dreamup-app.debug.xcconfig */ = {isa = PBXFileReference; includeInIndex = 1; lastKnownFileType = text.xcconfig; name = "Pods-dreamup-app.debug.xcconfig"; path = "Pods/Target Support Files/Pods-dreamup-app/Pods-dreamup-app.debug.xcconfig"; sourceTree = "<group>"; };
		37518DB0B0B1205AE8ED9AC2 /* Pods-dreamup-appUITests.debug.xcconfig */ = {isa = PBXFileReference; includeInIndex = 1; lastKnownFileType = text.xcconfig; name = "Pods-dreamup-appUITests.debug.xcconfig"; path = "Pods/Target Support Files/Pods-dreamup-appUITests/Pods-dreamup-appUITests.debug.xcconfig"; sourceTree = "<group>"; };
		796BFE40210D4F6ACF6957A8 /* Pods-dreamup-appTests.debug.xcconfig */ = {isa = PBXFileReference; includeInIndex = 1; lastKnownFileType = text.xcconfig; name = "Pods-dreamup-appTests.debug.xcconfig"; path = "Pods/Target Support Files/Pods-dreamup-appTests/Pods-dreamup-appTests.debug.xcconfig"; sourceTree = "<group>"; };
		9D3A17D21D4D982EC8BA4ACE /* Pods_dreamup_appUITests.framework */ = {isa = PBXFileReference; explicitFileType = wrapper.framework; includeInIndex = 0; path = Pods_dreamup_appUITests.framework; sourceTree = BUILT_PRODUCTS_DIR; };
		AB8B83F7F75D8A7B4F83EF09 /* Pods-dreamup-appUITests.release.xcconfig */ = {isa = PBXFileReference; includeInIndex = 1; lastKnownFileType = text.xcconfig; name = "Pods-dreamup-appUITests.release.xcconfig"; path = "Pods/Target Support Files/Pods-dreamup-appUITests/Pods-dreamup-appUITests.release.xcconfig"; sourceTree = "<group>"; };
		B3E4090C7D26F036E6EDF699 /* Pods-dreamup-app.release.xcconfig */ = {isa = PBXFileReference; includeInIndex = 1; lastKnownFileType = text.xcconfig; name = "Pods-dreamup-app.release.xcconfig"; path = "Pods/Target Support Files/Pods-dreamup-app/Pods-dreamup-app.release.xcconfig"; sourceTree = "<group>"; };
		C66488E3367999B5EC4709D1 /* Pods-dreamup-appTests.release.xcconfig */ = {isa = PBXFileReference; includeInIndex = 1; lastKnownFileType = text.xcconfig; name = "Pods-dreamup-appTests.release.xcconfig"; path = "Pods/Target Support Files/Pods-dreamup-appTests/Pods-dreamup-appTests.release.xcconfig"; sourceTree = "<group>"; };
		C87F990453838CD948451443 /* Pods_dreamup_app.framework */ = {isa = PBXFileReference; explicitFileType = wrapper.framework; includeInIndex = 0; path = Pods_dreamup_app.framework; sourceTree = BUILT_PRODUCTS_DIR; };
		F1C8F6A13933D0527C6A9D89 /* Pods_dreamup_appTests.framework */ = {isa = PBXFileReference; explicitFileType = wrapper.framework; includeInIndex = 0; path = Pods_dreamup_appTests.framework; sourceTree = BUILT_PRODUCTS_DIR; };
/* End PBXFileReference section */

/* Begin PBXFrameworksBuildPhase section */
		110873E61E836A310067C225 /* Frameworks */ = {
			isa = PBXFrameworksBuildPhase;
			buildActionMask = 2147483647;
			files = (
				118F5FA81E8856BE00E36F90 /* ExternalAccessory.framework in Frameworks */,
				C5CAA5D666591335EE466BB6 /* Pods_dreamup_app.framework in Frameworks */,
				112D7EB71EC4ED5F00EEE3ED /* FBSDKLoginKit.framework in Frameworks */,
				118F5FA51E88538C00E36F90 /* AudioToolbox.framework in Frameworks */,
			);
			runOnlyForDeploymentPostprocessing = 0;
		};
		110873FA1E836A310067C225 /* Frameworks */ = {
			isa = PBXFrameworksBuildPhase;
			buildActionMask = 2147483647;
			files = (
				392D741B9E27E35B0A6C69C4 /* Pods_dreamup_appTests.framework in Frameworks */,
			);
			runOnlyForDeploymentPostprocessing = 0;
		};
		110874051E836A310067C225 /* Frameworks */ = {
			isa = PBXFrameworksBuildPhase;
			buildActionMask = 2147483647;
			files = (
				680F2E042070A024DCE5AF25 /* Pods_dreamup_appUITests.framework in Frameworks */,
			);
			runOnlyForDeploymentPostprocessing = 0;
		};
/* End PBXFrameworksBuildPhase section */

/* Begin PBXGroup section */
		110873E01E836A310067C225 = {
			isa = PBXGroup;
			children = (
				110873EB1E836A310067C225 /* dreamup-app */,
				110874001E836A310067C225 /* dreamup-appTests */,
				1108740B1E836A310067C225 /* dreamup-appUITests */,
				110873EA1E836A310067C225 /* Products */,
				280C4B0D2324519AD6B858F2 /* Pods */,
				37E92974A3AF60ECD23BD86D /* Frameworks */,
			);
			sourceTree = "<group>";
		};
		110873EA1E836A310067C225 /* Products */ = {
			isa = PBXGroup;
			children = (
				110873E91E836A310067C225 /* dreamup-app.app */,
				110873FD1E836A310067C225 /* dreamup-appTests.xctest */,
				110874081E836A310067C225 /* dreamup-appUITests.xctest */,
			);
			name = Products;
			sourceTree = "<group>";
		};
		110873EB1E836A310067C225 /* dreamup-app */ = {
			isa = PBXGroup;
			children = (
				11823AC81EABDFF30060DE68 /* Networking */,
				11823AB91EABDEFF0060DE68 /* Cells */,
				11823AAE1EABDEAB0060DE68 /* Supporting Files */,
				11823AA91EABDE8E0060DE68 /* Data */,
				11823AC91EABE0070060DE68 /* Model */,
				11823ACA1EABE0480060DE68 /* ViewControllers */,
				112D7EB31EC4B7A400EEE3ED /* Views */,
				11A7E6EE1EBEB876006E87DA /* Storyboards */,
			);
			path = "dreamup-app";
			sourceTree = "<group>";
		};
		110874001E836A310067C225 /* dreamup-appTests */ = {
			isa = PBXGroup;
			children = (
				110874011E836A310067C225 /* dreamup_appTests.swift */,
				110874031E836A310067C225 /* Info.plist */,
			);
			path = "dreamup-appTests";
			sourceTree = "<group>";
		};
		1108740B1E836A310067C225 /* dreamup-appUITests */ = {
			isa = PBXGroup;
			children = (
				1108740C1E836A310067C225 /* dreamup_appUITests.swift */,
				1108740E1E836A310067C225 /* Info.plist */,
			);
			path = "dreamup-appUITests";
			sourceTree = "<group>";
		};
		112D7EB01EC4B73000EEE3ED /* Authentication */ = {
			isa = PBXGroup;
			children = (
				112D7EAE1EC4B6F300EEE3ED /* SignUpViewController.swift */,
				112D7EB41EC4EBAE00EEE3ED /* CompleteSignupViewController.swift */,
				11823AAF1EABDEC70060DE68 /* LoginViewController.swift */,
				112D7EAC1EC4B6BF00EEE3ED /* ResetPasswordViewController.swift */,
			);
			name = Authentication;
			sourceTree = "<group>";
		};
		112D7EB11EC4B74D00EEE3ED /* VoiceMemoControllers */ = {
			isa = PBXGroup;
			children = (
				11E5E69D1EC6331100376C60 /* FindFriendsTableViewController.swift */,
				11A7E6EC1EBE977E006E87DA /* MainViewController.swift */,
				118F5FA01E884E0200E36F90 /* SendAudioTableViewController.swift */,
				118F5F981E881AB900E36F90 /* AudioRecorderVC.swift */,
			);
			name = VoiceMemoControllers;
			sourceTree = "<group>";
		};
		112D7EB21EC4B76900EEE3ED /* AlarmControllers */ = {
			isa = PBXGroup;
			children = (
				11823ABA1EABDF220060DE68 /* AlarmSelectionTableView.swift */,
				11823ACB1EABE20E0060DE68 /* PlayQueueTVC.swift */,
				11823AA31EABDE560060DE68 /* AlarmController.swift */,
				11823ACF1EABE22A0060DE68 /* PodcastConfirmStep.swift */,
				11823AD01EABE22A0060DE68 /* PodcastTableViewController.swift */,
				11823ACD1EABE21B0060DE68 /* RadioPickerViewController.swift */,
				11823AA41EABDE560060DE68 /* AlarmInProgress.swift */,
				11823AD31EABE2600060DE68 /* RadioStationSettingsViewController.swift */,
			);
			name = AlarmControllers;
			sourceTree = "<group>";
		};
		112D7EB31EC4B7A400EEE3ED /* Views */ = {
			isa = PBXGroup;
			children = (
				119B5B181E8987C00020A567 /* SelectedIndicator.swift */,
				11224D6A1E90740D00F6894B /* RecipientBarView.swift */,
				1193F4FE1EC12F90002D6C7E /* RecorderView.swift */,
			);
			name = Views;
			sourceTree = "<group>";
		};
		11823AA91EABDE8E0060DE68 /* Data */ = {
			isa = PBXGroup;
			children = (
				11823AA71EABDE880060DE68 /* stations.json */,
			);
			name = Data;
			path = ..;
			sourceTree = "<group>";
		};
		11823AAE1EABDEAB0060DE68 /* Supporting Files */ = {
			isa = PBXGroup;
			children = (
				110873F31E836A310067C225 /* Assets.xcassets */,
				118F5FA21E88511C00E36F90 /* GoogleService-Info.plist */,
				110873F81E836A310067C225 /* Info.plist */,
				11224D6E1E91851100F6894B /* ColorPalette.swift */,
				11823AAA1EABDEA30060DE68 /* Settings.swift */,
				118F5FA61E88538C00E36F90 /* dreamup-app.entitlements */,
				110873EC1E836A310067C225 /* AppDelegate.swift */,
			);
			name = "Supporting Files";
			path = ..;
			sourceTree = "<group>";
		};
		11823AB91EABDEFF0060DE68 /* Cells */ = {
			isa = PBXGroup;
			children = (
				11823AB11EABDEF90060DE68 /* NothingFoundCell.xib */,
				11823AB21EABDEF90060DE68 /* PlayQueueCell.swift */,
				11D064EB1EA3B5FD00F3F6E7 /* VoiceMemoCell.swift */,
				119B5B161E8987710020A567 /* FriendCell.swift */,
				11823AB31EABDEF90060DE68 /* RadioTableViewCell.swift */,
				11823AB41EABDEF90060DE68 /* PodcastTableViewCell.swift */,
			);
			name = Cells;
			path = ..;
			sourceTree = "<group>";
		};
		11823AC81EABDFF30060DE68 /* Networking */ = {
			isa = PBXGroup;
			children = (
				11823ABE1EABDF3E0060DE68 /* SwiftyJSON.swift */,
				11823ABF1EABDF3E0060DE68 /* DataManager.swift */,
				11823AC01EABDF3E0060DE68 /* UserDefaultsManager.swift */,
				11823AC11EABDF3E0060DE68 /* FirebaseManager.swift */,
			);
			name = Networking;
			sourceTree = "<group>";
		};
		11823AC91EABE0070060DE68 /* Model */ = {
			isa = PBXGroup;
			children = (
				11823ABC1EABDF3E0060DE68 /* RadioStation.swift */,
				114A15071EBE614400520EDF /* VoiceMemo.swift */,
				11B640EE1E897F9C00971DF0 /* User.swift */,
				11823ABD1EABDF3E0060DE68 /* Podcast.swift */,
			);
			name = Model;
			sourceTree = "<group>";
		};
		11823ACA1EABE0480060DE68 /* ViewControllers */ = {
			isa = PBXGroup;
			children = (
				112D7EB11EC4B74D00EEE3ED /* VoiceMemoControllers */,
				112D7EB01EC4B73000EEE3ED /* Authentication */,
				112D7EB21EC4B76900EEE3ED /* AlarmControllers */,
				11B2EBDD1EB16BCB006A81B8 /* SettingsTableViewController.swift */,
				11601C261EAD374700D9FB43 /* HomeTabBarController.swift */,
			);
			name = ViewControllers;
			sourceTree = "<group>";
		};
		11A7E6EE1EBEB876006E87DA /* Storyboards */ = {
			isa = PBXGroup;
			children = (
				110873F51E836A310067C225 /* LaunchScreen.storyboard */,
				11B640EC1E89555600971DF0 /* Main.storyboard */,
			);
			name = Storyboards;
			sourceTree = "<group>";
		};
		280C4B0D2324519AD6B858F2 /* Pods */ = {
			isa = PBXGroup;
			children = (
				34870BFC215893E711FCDBA3 /* Pods-dreamup-app.debug.xcconfig */,
				B3E4090C7D26F036E6EDF699 /* Pods-dreamup-app.release.xcconfig */,
				796BFE40210D4F6ACF6957A8 /* Pods-dreamup-appTests.debug.xcconfig */,
				C66488E3367999B5EC4709D1 /* Pods-dreamup-appTests.release.xcconfig */,
				37518DB0B0B1205AE8ED9AC2 /* Pods-dreamup-appUITests.debug.xcconfig */,
				AB8B83F7F75D8A7B4F83EF09 /* Pods-dreamup-appUITests.release.xcconfig */,
			);
			name = Pods;
			sourceTree = "<group>";
		};
		37E92974A3AF60ECD23BD86D /* Frameworks */ = {
			isa = PBXGroup;
			children = (
				112D7EB61EC4ED5F00EEE3ED /* FBSDKLoginKit.framework */,
				118F5FA71E8856BE00E36F90 /* ExternalAccessory.framework */,
				118F5FA41E88538C00E36F90 /* AudioToolbox.framework */,
				C87F990453838CD948451443 /* Pods_dreamup_app.framework */,
				F1C8F6A13933D0527C6A9D89 /* Pods_dreamup_appTests.framework */,
				9D3A17D21D4D982EC8BA4ACE /* Pods_dreamup_appUITests.framework */,
			);
			name = Frameworks;
			sourceTree = "<group>";
		};
/* End PBXGroup section */

/* Begin PBXNativeTarget section */
		110873E81E836A310067C225 /* dreamup-app */ = {
			isa = PBXNativeTarget;
			buildConfigurationList = 110874111E836A310067C225 /* Build configuration list for PBXNativeTarget "dreamup-app" */;
			buildPhases = (
				40E28AD74ADD1ABA955C2D1B /* [CP] Check Pods Manifest.lock */,
				110873E51E836A310067C225 /* Sources */,
				110873E61E836A310067C225 /* Frameworks */,
				110873E71E836A310067C225 /* Resources */,
				AC3509EA8186AC7B33E60EAD /* [CP] Embed Pods Frameworks */,
				CD1A8D902E28D9702F9EB2BE /* [CP] Copy Pods Resources */,
			);
			buildRules = (
			);
			dependencies = (
			);
			name = "dreamup-app";
			productName = "dreamup-app";
			productReference = 110873E91E836A310067C225 /* dreamup-app.app */;
			productType = "com.apple.product-type.application";
		};
		110873FC1E836A310067C225 /* dreamup-appTests */ = {
			isa = PBXNativeTarget;
			buildConfigurationList = 110874141E836A310067C225 /* Build configuration list for PBXNativeTarget "dreamup-appTests" */;
			buildPhases = (
				E71A1660A2FE24EDB15ADD6E /* [CP] Check Pods Manifest.lock */,
				110873F91E836A310067C225 /* Sources */,
				110873FA1E836A310067C225 /* Frameworks */,
				110873FB1E836A310067C225 /* Resources */,
				5043877FB3881F178669199C /* [CP] Embed Pods Frameworks */,
				00E8AB0A7D9E6DD2CDC7BE6C /* [CP] Copy Pods Resources */,
			);
			buildRules = (
			);
			dependencies = (
				110873FF1E836A310067C225 /* PBXTargetDependency */,
			);
			name = "dreamup-appTests";
			productName = "dreamup-appTests";
			productReference = 110873FD1E836A310067C225 /* dreamup-appTests.xctest */;
			productType = "com.apple.product-type.bundle.unit-test";
		};
		110874071E836A310067C225 /* dreamup-appUITests */ = {
			isa = PBXNativeTarget;
			buildConfigurationList = 110874171E836A310067C225 /* Build configuration list for PBXNativeTarget "dreamup-appUITests" */;
			buildPhases = (
				00288634EA76DD4FE1CE1170 /* [CP] Check Pods Manifest.lock */,
				110874041E836A310067C225 /* Sources */,
				110874051E836A310067C225 /* Frameworks */,
				110874061E836A310067C225 /* Resources */,
				84057B517E0D1D70E89086DD /* [CP] Embed Pods Frameworks */,
				117CCF33402D9621651BAD85 /* [CP] Copy Pods Resources */,
			);
			buildRules = (
			);
			dependencies = (
				1108740A1E836A310067C225 /* PBXTargetDependency */,
			);
			name = "dreamup-appUITests";
			productName = "dreamup-appUITests";
			productReference = 110874081E836A310067C225 /* dreamup-appUITests.xctest */;
			productType = "com.apple.product-type.bundle.ui-testing";
		};
/* End PBXNativeTarget section */

/* Begin PBXProject section */
		110873E11E836A310067C225 /* Project object */ = {
			isa = PBXProject;
			attributes = {
				LastSwiftUpdateCheck = 0820;
				LastUpgradeCheck = 0820;
				ORGANIZATIONNAME = "Razgaitis, Paul";
				TargetAttributes = {
					110873E81E836A310067C225 = {
						CreatedOnToolsVersion = 8.2.1;
						DevelopmentTeam = J8MZA8BZNS;
						ProvisioningStyle = Automatic;
						SystemCapabilities = {
							com.apple.InterAppAudio = {
								enabled = 1;
							};
							com.apple.WAC = {
								enabled = 1;
							};
						};
					};
					110873FC1E836A310067C225 = {
						CreatedOnToolsVersion = 8.2.1;
						DevelopmentTeam = J8MZA8BZNS;
						ProvisioningStyle = Automatic;
						TestTargetID = 110873E81E836A310067C225;
					};
					110874071E836A310067C225 = {
						CreatedOnToolsVersion = 8.2.1;
						DevelopmentTeam = J8MZA8BZNS;
						ProvisioningStyle = Automatic;
						TestTargetID = 110873E81E836A310067C225;
					};
				};
			};
			buildConfigurationList = 110873E41E836A310067C225 /* Build configuration list for PBXProject "dreamup-app" */;
			compatibilityVersion = "Xcode 3.2";
			developmentRegion = English;
			hasScannedForEncodings = 0;
			knownRegions = (
				en,
				Base,
			);
			mainGroup = 110873E01E836A310067C225;
			productRefGroup = 110873EA1E836A310067C225 /* Products */;
			projectDirPath = "";
			projectRoot = "";
			targets = (
				110873E81E836A310067C225 /* dreamup-app */,
				110873FC1E836A310067C225 /* dreamup-appTests */,
				110874071E836A310067C225 /* dreamup-appUITests */,
			);
		};
/* End PBXProject section */

/* Begin PBXResourcesBuildPhase section */
		110873E71E836A310067C225 /* Resources */ = {
			isa = PBXResourcesBuildPhase;
			buildActionMask = 2147483647;
			files = (
				110873F71E836A310067C225 /* LaunchScreen.storyboard in Resources */,
				11823AB51EABDEF90060DE68 /* NothingFoundCell.xib in Resources */,
				118F5FA31E88511C00E36F90 /* GoogleService-Info.plist in Resources */,
				11823AA81EABDE880060DE68 /* stations.json in Resources */,
				110873F41E836A310067C225 /* Assets.xcassets in Resources */,
				11B640ED1E89555600971DF0 /* Main.storyboard in Resources */,
			);
			runOnlyForDeploymentPostprocessing = 0;
		};
		110873FB1E836A310067C225 /* Resources */ = {
			isa = PBXResourcesBuildPhase;
			buildActionMask = 2147483647;
			files = (
			);
			runOnlyForDeploymentPostprocessing = 0;
		};
		110874061E836A310067C225 /* Resources */ = {
			isa = PBXResourcesBuildPhase;
			buildActionMask = 2147483647;
			files = (
			);
			runOnlyForDeploymentPostprocessing = 0;
		};
/* End PBXResourcesBuildPhase section */

/* Begin PBXShellScriptBuildPhase section */
		00288634EA76DD4FE1CE1170 /* [CP] Check Pods Manifest.lock */ = {
			isa = PBXShellScriptBuildPhase;
			buildActionMask = 2147483647;
			files = (
			);
			inputPaths = (
			);
			name = "[CP] Check Pods Manifest.lock";
			outputPaths = (
			);
			runOnlyForDeploymentPostprocessing = 0;
			shellPath = /bin/sh;
			shellScript = "diff \"${PODS_ROOT}/../Podfile.lock\" \"${PODS_ROOT}/Manifest.lock\" > /dev/null\nif [ $? != 0 ] ; then\n    # print error to STDERR\n    echo \"error: The sandbox is not in sync with the Podfile.lock. Run 'pod install' or update your CocoaPods installation.\" >&2\n    exit 1\nfi\n";
			showEnvVarsInLog = 0;
		};
		00E8AB0A7D9E6DD2CDC7BE6C /* [CP] Copy Pods Resources */ = {
			isa = PBXShellScriptBuildPhase;
			buildActionMask = 2147483647;
			files = (
			);
			inputPaths = (
			);
			name = "[CP] Copy Pods Resources";
			outputPaths = (
			);
			runOnlyForDeploymentPostprocessing = 0;
			shellPath = /bin/sh;
			shellScript = "\"${SRCROOT}/Pods/Target Support Files/Pods-dreamup-appTests/Pods-dreamup-appTests-resources.sh\"\n";
			showEnvVarsInLog = 0;
		};
		117CCF33402D9621651BAD85 /* [CP] Copy Pods Resources */ = {
			isa = PBXShellScriptBuildPhase;
			buildActionMask = 2147483647;
			files = (
			);
			inputPaths = (
			);
			name = "[CP] Copy Pods Resources";
			outputPaths = (
			);
			runOnlyForDeploymentPostprocessing = 0;
			shellPath = /bin/sh;
			shellScript = "\"${SRCROOT}/Pods/Target Support Files/Pods-dreamup-appUITests/Pods-dreamup-appUITests-resources.sh\"\n";
			showEnvVarsInLog = 0;
		};
		40E28AD74ADD1ABA955C2D1B /* [CP] Check Pods Manifest.lock */ = {
			isa = PBXShellScriptBuildPhase;
			buildActionMask = 2147483647;
			files = (
			);
			inputPaths = (
			);
			name = "[CP] Check Pods Manifest.lock";
			outputPaths = (
			);
			runOnlyForDeploymentPostprocessing = 0;
			shellPath = /bin/sh;
			shellScript = "diff \"${PODS_ROOT}/../Podfile.lock\" \"${PODS_ROOT}/Manifest.lock\" > /dev/null\nif [ $? != 0 ] ; then\n    # print error to STDERR\n    echo \"error: The sandbox is not in sync with the Podfile.lock. Run 'pod install' or update your CocoaPods installation.\" >&2\n    exit 1\nfi\n";
			showEnvVarsInLog = 0;
		};
		5043877FB3881F178669199C /* [CP] Embed Pods Frameworks */ = {
			isa = PBXShellScriptBuildPhase;
			buildActionMask = 2147483647;
			files = (
			);
			inputPaths = (
			);
			name = "[CP] Embed Pods Frameworks";
			outputPaths = (
			);
			runOnlyForDeploymentPostprocessing = 0;
			shellPath = /bin/sh;
			shellScript = "\"${SRCROOT}/Pods/Target Support Files/Pods-dreamup-appTests/Pods-dreamup-appTests-frameworks.sh\"\n";
			showEnvVarsInLog = 0;
		};
		84057B517E0D1D70E89086DD /* [CP] Embed Pods Frameworks */ = {
			isa = PBXShellScriptBuildPhase;
			buildActionMask = 2147483647;
			files = (
			);
			inputPaths = (
			);
			name = "[CP] Embed Pods Frameworks";
			outputPaths = (
			);
			runOnlyForDeploymentPostprocessing = 0;
			shellPath = /bin/sh;
			shellScript = "\"${SRCROOT}/Pods/Target Support Files/Pods-dreamup-appUITests/Pods-dreamup-appUITests-frameworks.sh\"\n";
			showEnvVarsInLog = 0;
		};
		AC3509EA8186AC7B33E60EAD /* [CP] Embed Pods Frameworks */ = {
			isa = PBXShellScriptBuildPhase;
			buildActionMask = 2147483647;
			files = (
			);
			inputPaths = (
			);
			name = "[CP] Embed Pods Frameworks";
			outputPaths = (
			);
			runOnlyForDeploymentPostprocessing = 0;
			shellPath = /bin/sh;
			shellScript = "\"${SRCROOT}/Pods/Target Support Files/Pods-dreamup-app/Pods-dreamup-app-frameworks.sh\"\n";
			showEnvVarsInLog = 0;
		};
		CD1A8D902E28D9702F9EB2BE /* [CP] Copy Pods Resources */ = {
			isa = PBXShellScriptBuildPhase;
			buildActionMask = 2147483647;
			files = (
			);
			inputPaths = (
			);
			name = "[CP] Copy Pods Resources";
			outputPaths = (
			);
			runOnlyForDeploymentPostprocessing = 0;
			shellPath = /bin/sh;
			shellScript = "\"${SRCROOT}/Pods/Target Support Files/Pods-dreamup-app/Pods-dreamup-app-resources.sh\"\n";
			showEnvVarsInLog = 0;
		};
		E71A1660A2FE24EDB15ADD6E /* [CP] Check Pods Manifest.lock */ = {
			isa = PBXShellScriptBuildPhase;
			buildActionMask = 2147483647;
			files = (
			);
			inputPaths = (
			);
			name = "[CP] Check Pods Manifest.lock";
			outputPaths = (
			);
			runOnlyForDeploymentPostprocessing = 0;
			shellPath = /bin/sh;
			shellScript = "diff \"${PODS_ROOT}/../Podfile.lock\" \"${PODS_ROOT}/Manifest.lock\" > /dev/null\nif [ $? != 0 ] ; then\n    # print error to STDERR\n    echo \"error: The sandbox is not in sync with the Podfile.lock. Run 'pod install' or update your CocoaPods installation.\" >&2\n    exit 1\nfi\n";
			showEnvVarsInLog = 0;
		};
/* End PBXShellScriptBuildPhase section */

/* Begin PBXSourcesBuildPhase section */
		110873E51E836A310067C225 /* Sources */ = {
			isa = PBXSourcesBuildPhase;
			buildActionMask = 2147483647;
			files = (
				11823AC71EABDF3E0060DE68 /* FirebaseManager.swift in Sources */,
				11823AB81EABDEF90060DE68 /* PodcastTableViewCell.swift in Sources */,
				11823AC51EABDF3E0060DE68 /* DataManager.swift in Sources */,
				11823ACC1EABE20E0060DE68 /* PlayQueueTVC.swift in Sources */,
				11823AD21EABE22A0060DE68 /* PodcastTableViewController.swift in Sources */,
				118F5FA11E884E0200E36F90 /* SendAudioTableViewController.swift in Sources */,
				114A15081EBE614400520EDF /* VoiceMemo.swift in Sources */,
				119B5B171E8987710020A567 /* FriendCell.swift in Sources */,
				11224D6F1E91851100F6894B /* ColorPalette.swift in Sources */,
				118F5F991E881AB900E36F90 /* AudioRecorderVC.swift in Sources */,
				11823AB61EABDEF90060DE68 /* PlayQueueCell.swift in Sources */,
				11823AD41EABE2600060DE68 /* RadioStationSettingsViewController.swift in Sources */,
				11823AAC1EABDEA30060DE68 /* Settings.swift in Sources */,
				112D7EB51EC4EBAE00EEE3ED /* CompleteSignupViewController.swift in Sources */,
				11823AC41EABDF3E0060DE68 /* SwiftyJSON.swift in Sources */,
				11823AC21EABDF3E0060DE68 /* RadioStation.swift in Sources */,
				11823AC61EABDF3E0060DE68 /* UserDefaultsManager.swift in Sources */,
				11823AA51EABDE560060DE68 /* AlarmController.swift in Sources */,
				11823ABB1EABDF220060DE68 /* AlarmSelectionTableView.swift in Sources */,
				11823AB71EABDEF90060DE68 /* RadioTableViewCell.swift in Sources */,
				11A7E6ED1EBE977E006E87DA /* MainViewController.swift in Sources */,
				11823AA61EABDE560060DE68 /* AlarmInProgress.swift in Sources */,
				11601C271EAD374700D9FB43 /* HomeTabBarController.swift in Sources */,
				11224D6B1E90740D00F6894B /* RecipientBarView.swift in Sources */,
				11823AB01EABDEC70060DE68 /* LoginViewController.swift in Sources */,
				11823ACE1EABE21B0060DE68 /* RadioPickerViewController.swift in Sources */,
				1193F4FF1EC12F90002D6C7E /* RecorderView.swift in Sources */,
				112D7EAD1EC4B6BF00EEE3ED /* ResetPasswordViewController.swift in Sources */,
				11B640EF1E897F9C00971DF0 /* User.swift in Sources */,
				11D064EC1EA3B5FD00F3F6E7 /* VoiceMemoCell.swift in Sources */,
				11823AD11EABE22A0060DE68 /* PodcastConfirmStep.swift in Sources */,
				11823AC31EABDF3E0060DE68 /* Podcast.swift in Sources */,
				11B2EBDE1EB16BCB006A81B8 /* SettingsTableViewController.swift in Sources */,
				11E5E69E1EC6331100376C60 /* FindFriendsTableViewController.swift in Sources */,
				110873ED1E836A310067C225 /* AppDelegate.swift in Sources */,
				119B5B191E8987C00020A567 /* SelectedIndicator.swift in Sources */,
				112D7EAF1EC4B6F300EEE3ED /* SignUpViewController.swift in Sources */,
			);
			runOnlyForDeploymentPostprocessing = 0;
		};
		110873F91E836A310067C225 /* Sources */ = {
			isa = PBXSourcesBuildPhase;
			buildActionMask = 2147483647;
			files = (
				110874021E836A310067C225 /* dreamup_appTests.swift in Sources */,
			);
			runOnlyForDeploymentPostprocessing = 0;
		};
		110874041E836A310067C225 /* Sources */ = {
			isa = PBXSourcesBuildPhase;
			buildActionMask = 2147483647;
			files = (
				1108740D1E836A310067C225 /* dreamup_appUITests.swift in Sources */,
			);
			runOnlyForDeploymentPostprocessing = 0;
		};
/* End PBXSourcesBuildPhase section */

/* Begin PBXTargetDependency section */
		110873FF1E836A310067C225 /* PBXTargetDependency */ = {
			isa = PBXTargetDependency;
			target = 110873E81E836A310067C225 /* dreamup-app */;
			targetProxy = 110873FE1E836A310067C225 /* PBXContainerItemProxy */;
		};
		1108740A1E836A310067C225 /* PBXTargetDependency */ = {
			isa = PBXTargetDependency;
			target = 110873E81E836A310067C225 /* dreamup-app */;
			targetProxy = 110874091E836A310067C225 /* PBXContainerItemProxy */;
		};
/* End PBXTargetDependency section */

/* Begin PBXVariantGroup section */
		110873F51E836A310067C225 /* LaunchScreen.storyboard */ = {
			isa = PBXVariantGroup;
			children = (
				110873F61E836A310067C225 /* Base */,
			);
			name = LaunchScreen.storyboard;
			sourceTree = "<group>";
		};
/* End PBXVariantGroup section */

/* Begin XCBuildConfiguration section */
		1108740F1E836A310067C225 /* Debug */ = {
			isa = XCBuildConfiguration;
			buildSettings = {
				ALWAYS_SEARCH_USER_PATHS = NO;
				CLANG_ANALYZER_NONNULL = YES;
				CLANG_CXX_LANGUAGE_STANDARD = "gnu++0x";
				CLANG_CXX_LIBRARY = "libc++";
				CLANG_ENABLE_MODULES = YES;
				CLANG_ENABLE_OBJC_ARC = YES;
				CLANG_WARN_BOOL_CONVERSION = YES;
				CLANG_WARN_CONSTANT_CONVERSION = YES;
				CLANG_WARN_DIRECT_OBJC_ISA_USAGE = YES_ERROR;
				CLANG_WARN_DOCUMENTATION_COMMENTS = YES;
				CLANG_WARN_EMPTY_BODY = YES;
				CLANG_WARN_ENUM_CONVERSION = YES;
				CLANG_WARN_INFINITE_RECURSION = YES;
				CLANG_WARN_INT_CONVERSION = YES;
				CLANG_WARN_OBJC_ROOT_CLASS = YES_ERROR;
				CLANG_WARN_SUSPICIOUS_MOVE = YES;
				CLANG_WARN_UNREACHABLE_CODE = YES;
				CLANG_WARN__DUPLICATE_METHOD_MATCH = YES;
				"CODE_SIGN_IDENTITY[sdk=iphoneos*]" = "iPhone Developer";
				COPY_PHASE_STRIP = NO;
				DEBUG_INFORMATION_FORMAT = dwarf;
				ENABLE_STRICT_OBJC_MSGSEND = YES;
				ENABLE_TESTABILITY = YES;
				GCC_C_LANGUAGE_STANDARD = gnu99;
				GCC_DYNAMIC_NO_PIC = NO;
				GCC_NO_COMMON_BLOCKS = YES;
				GCC_OPTIMIZATION_LEVEL = 0;
				GCC_PREPROCESSOR_DEFINITIONS = (
					"DEBUG=1",
					"$(inherited)",
				);
				GCC_WARN_64_TO_32_BIT_CONVERSION = YES;
				GCC_WARN_ABOUT_RETURN_TYPE = YES_ERROR;
				GCC_WARN_UNDECLARED_SELECTOR = YES;
				GCC_WARN_UNINITIALIZED_AUTOS = YES_AGGRESSIVE;
				GCC_WARN_UNUSED_FUNCTION = YES;
				GCC_WARN_UNUSED_VARIABLE = YES;
				IPHONEOS_DEPLOYMENT_TARGET = 10.2;
				MTL_ENABLE_DEBUG_INFO = YES;
				ONLY_ACTIVE_ARCH = YES;
				SDKROOT = iphoneos;
				SWIFT_ACTIVE_COMPILATION_CONDITIONS = DEBUG;
				SWIFT_OPTIMIZATION_LEVEL = "-Onone";
			};
			name = Debug;
		};
		110874101E836A310067C225 /* Release */ = {
			isa = XCBuildConfiguration;
			buildSettings = {
				ALWAYS_SEARCH_USER_PATHS = NO;
				CLANG_ANALYZER_NONNULL = YES;
				CLANG_CXX_LANGUAGE_STANDARD = "gnu++0x";
				CLANG_CXX_LIBRARY = "libc++";
				CLANG_ENABLE_MODULES = YES;
				CLANG_ENABLE_OBJC_ARC = YES;
				CLANG_WARN_BOOL_CONVERSION = YES;
				CLANG_WARN_CONSTANT_CONVERSION = YES;
				CLANG_WARN_DIRECT_OBJC_ISA_USAGE = YES_ERROR;
				CLANG_WARN_DOCUMENTATION_COMMENTS = YES;
				CLANG_WARN_EMPTY_BODY = YES;
				CLANG_WARN_ENUM_CONVERSION = YES;
				CLANG_WARN_INFINITE_RECURSION = YES;
				CLANG_WARN_INT_CONVERSION = YES;
				CLANG_WARN_OBJC_ROOT_CLASS = YES_ERROR;
				CLANG_WARN_SUSPICIOUS_MOVE = YES;
				CLANG_WARN_UNREACHABLE_CODE = YES;
				CLANG_WARN__DUPLICATE_METHOD_MATCH = YES;
				"CODE_SIGN_IDENTITY[sdk=iphoneos*]" = "iPhone Developer";
				COPY_PHASE_STRIP = NO;
				DEBUG_INFORMATION_FORMAT = "dwarf-with-dsym";
				ENABLE_NS_ASSERTIONS = NO;
				ENABLE_STRICT_OBJC_MSGSEND = YES;
				GCC_C_LANGUAGE_STANDARD = gnu99;
				GCC_NO_COMMON_BLOCKS = YES;
				GCC_WARN_64_TO_32_BIT_CONVERSION = YES;
				GCC_WARN_ABOUT_RETURN_TYPE = YES_ERROR;
				GCC_WARN_UNDECLARED_SELECTOR = YES;
				GCC_WARN_UNINITIALIZED_AUTOS = YES_AGGRESSIVE;
				GCC_WARN_UNUSED_FUNCTION = YES;
				GCC_WARN_UNUSED_VARIABLE = YES;
				IPHONEOS_DEPLOYMENT_TARGET = 10.2;
				MTL_ENABLE_DEBUG_INFO = NO;
				SDKROOT = iphoneos;
				SWIFT_OPTIMIZATION_LEVEL = "-Owholemodule";
				VALIDATE_PRODUCT = YES;
			};
			name = Release;
		};
		110874121E836A310067C225 /* Debug */ = {
			isa = XCBuildConfiguration;
			baseConfigurationReference = 34870BFC215893E711FCDBA3 /* Pods-dreamup-app.debug.xcconfig */;
			buildSettings = {
				ASSETCATALOG_COMPILER_APPICON_NAME = AppIcon;
				CODE_SIGN_ENTITLEMENTS = "dreamup-app/dreamup-app.entitlements";
				CODE_SIGN_IDENTITY = "iPhone Developer";
				"CODE_SIGN_IDENTITY[sdk=iphoneos*]" = "iPhone Developer";
				DEVELOPMENT_TEAM = J8MZA8BZNS;
				FRAMEWORK_SEARCH_PATHS = (
					"$(inherited)",
					"$(PROJECT_DIR)",
				);
				INFOPLIST_FILE = "dreamup-app/Info.plist";
				LD_RUNPATH_SEARCH_PATHS = "$(inherited) @executable_path/Frameworks";
				PRODUCT_BUNDLE_IDENTIFIER = "com.paulrazgaitis.dreamup-app";
				PRODUCT_NAME = "$(TARGET_NAME)";
				PROVISIONING_PROFILE = "";
				PROVISIONING_PROFILE_SPECIFIER = "";
				SWIFT_VERSION = 3.0;
			};
			name = Debug;
		};
		110874131E836A310067C225 /* Release */ = {
			isa = XCBuildConfiguration;
			baseConfigurationReference = B3E4090C7D26F036E6EDF699 /* Pods-dreamup-app.release.xcconfig */;
			buildSettings = {
				ASSETCATALOG_COMPILER_APPICON_NAME = AppIcon;
				CODE_SIGN_ENTITLEMENTS = "dreamup-app/dreamup-app.entitlements";
				CODE_SIGN_IDENTITY = "iPhone Developer";
				"CODE_SIGN_IDENTITY[sdk=iphoneos*]" = "iPhone Developer";
				DEVELOPMENT_TEAM = J8MZA8BZNS;
				FRAMEWORK_SEARCH_PATHS = (
					"$(inherited)",
					"$(PROJECT_DIR)",
				);
				INFOPLIST_FILE = "dreamup-app/Info.plist";
				LD_RUNPATH_SEARCH_PATHS = "$(inherited) @executable_path/Frameworks";
				PRODUCT_BUNDLE_IDENTIFIER = "com.paulrazgaitis.dreamup-app";
				PRODUCT_NAME = "$(TARGET_NAME)";
				SWIFT_VERSION = 3.0;
			};
			name = Release;
		};
		110874151E836A310067C225 /* Debug */ = {
			isa = XCBuildConfiguration;
			baseConfigurationReference = 796BFE40210D4F6ACF6957A8 /* Pods-dreamup-appTests.debug.xcconfig */;
			buildSettings = {
				ALWAYS_EMBED_SWIFT_STANDARD_LIBRARIES = YES;
				BUNDLE_LOADER = "$(TEST_HOST)";
				DEVELOPMENT_TEAM = J8MZA8BZNS;
				INFOPLIST_FILE = "dreamup-appTests/Info.plist";
				LD_RUNPATH_SEARCH_PATHS = "$(inherited) @executable_path/Frameworks @loader_path/Frameworks";
				PRODUCT_BUNDLE_IDENTIFIER = "com.paulrazgaitis.dreamup-appTests";
				PRODUCT_NAME = "$(TARGET_NAME)";
				SWIFT_VERSION = 3.0;
				TEST_HOST = "$(BUILT_PRODUCTS_DIR)/dreamup-app.app/dreamup-app";
			};
			name = Debug;
		};
		110874161E836A310067C225 /* Release */ = {
			isa = XCBuildConfiguration;
			baseConfigurationReference = C66488E3367999B5EC4709D1 /* Pods-dreamup-appTests.release.xcconfig */;
			buildSettings = {
				ALWAYS_EMBED_SWIFT_STANDARD_LIBRARIES = YES;
				BUNDLE_LOADER = "$(TEST_HOST)";
				DEVELOPMENT_TEAM = J8MZA8BZNS;
				INFOPLIST_FILE = "dreamup-appTests/Info.plist";
				LD_RUNPATH_SEARCH_PATHS = "$(inherited) @executable_path/Frameworks @loader_path/Frameworks";
				PRODUCT_BUNDLE_IDENTIFIER = "com.paulrazgaitis.dreamup-appTests";
				PRODUCT_NAME = "$(TARGET_NAME)";
				SWIFT_VERSION = 3.0;
				TEST_HOST = "$(BUILT_PRODUCTS_DIR)/dreamup-app.app/dreamup-app";
			};
			name = Release;
		};
		110874181E836A310067C225 /* Debug */ = {
			isa = XCBuildConfiguration;
			baseConfigurationReference = 37518DB0B0B1205AE8ED9AC2 /* Pods-dreamup-appUITests.debug.xcconfig */;
			buildSettings = {
				ALWAYS_EMBED_SWIFT_STANDARD_LIBRARIES = YES;
				DEVELOPMENT_TEAM = J8MZA8BZNS;
				INFOPLIST_FILE = "dreamup-appUITests/Info.plist";
				LD_RUNPATH_SEARCH_PATHS = "$(inherited) @executable_path/Frameworks @loader_path/Frameworks";
				PRODUCT_BUNDLE_IDENTIFIER = "com.paulrazgaitis.dreamup-appUITests";
				PRODUCT_NAME = "$(TARGET_NAME)";
				SWIFT_VERSION = 3.0;
				TEST_TARGET_NAME = "dreamup-app";
			};
			name = Debug;
		};
		110874191E836A310067C225 /* Release */ = {
			isa = XCBuildConfiguration;
			baseConfigurationReference = AB8B83F7F75D8A7B4F83EF09 /* Pods-dreamup-appUITests.release.xcconfig */;
			buildSettings = {
				ALWAYS_EMBED_SWIFT_STANDARD_LIBRARIES = YES;
				DEVELOPMENT_TEAM = J8MZA8BZNS;
				INFOPLIST_FILE = "dreamup-appUITests/Info.plist";
				LD_RUNPATH_SEARCH_PATHS = "$(inherited) @executable_path/Frameworks @loader_path/Frameworks";
				PRODUCT_BUNDLE_IDENTIFIER = "com.paulrazgaitis.dreamup-appUITests";
				PRODUCT_NAME = "$(TARGET_NAME)";
				SWIFT_VERSION = 3.0;
				TEST_TARGET_NAME = "dreamup-app";
			};
			name = Release;
		};
/* End XCBuildConfiguration section */

/* Begin XCConfigurationList section */
		110873E41E836A310067C225 /* Build configuration list for PBXProject "dreamup-app" */ = {
			isa = XCConfigurationList;
			buildConfigurations = (
				1108740F1E836A310067C225 /* Debug */,
				110874101E836A310067C225 /* Release */,
			);
			defaultConfigurationIsVisible = 0;
			defaultConfigurationName = Release;
		};
		110874111E836A310067C225 /* Build configuration list for PBXNativeTarget "dreamup-app" */ = {
			isa = XCConfigurationList;
			buildConfigurations = (
				110874121E836A310067C225 /* Debug */,
				110874131E836A310067C225 /* Release */,
			);
			defaultConfigurationIsVisible = 0;
			defaultConfigurationName = Release;
		};
		110874141E836A310067C225 /* Build configuration list for PBXNativeTarget "dreamup-appTests" */ = {
			isa = XCConfigurationList;
			buildConfigurations = (
				110874151E836A310067C225 /* Debug */,
				110874161E836A310067C225 /* Release */,
			);
			defaultConfigurationIsVisible = 0;
			defaultConfigurationName = Release;
		};
		110874171E836A310067C225 /* Build configuration list for PBXNativeTarget "dreamup-appUITests" */ = {
			isa = XCConfigurationList;
			buildConfigurations = (
				110874181E836A310067C225 /* Debug */,
				110874191E836A310067C225 /* Release */,
			);
			defaultConfigurationIsVisible = 0;
			defaultConfigurationName = Release;
		};
/* End XCConfigurationList section */
	};
	rootObject = 110873E11E836A310067C225 /* Project object */;
}
